
Microsoft Visual Studio Solution File, Format Version 12.00
# Visual Studio Version 17
VisualStudioVersion = 17.5.33516.290
MinimumVisualStudioVersion = 10.0.40219.1
Project("{FAE04EC0-301F-11D3-BF4B-00C04F79EFBC}") = "TSPV", "TSPV\TSPV.csproj", "{7D55B479-4A23-4A20-A93A-E2A3E74B75D6}"
EndProject
Global
	GlobalSection(SolutionConfigurationPlatforms) = preSolution
		Debug|Any CPU = Debug|Any CPU
		Release|Any CPU = Release|Any CPU
	EndGlobalSection
	GlobalSection(ProjectConfigurationPlatforms) = postSolution
		{7D55B479-4A23-4A20-A93A-E2A3E74B75D6}.Debug|Any CPU.ActiveCfg = Debug|Any CPU
		{7D55B479-4A23-4A20-A93A-E2A3E74B75D6}.Debug|Any CPU.Build.0 = Debug|Any CPU
		{7D55B479-4A23-4A20-A93A-E2A3E74B75D6}.Release|Any CPU.ActiveCfg = Release|Any CPU
		{7D55B479-4A23-4A20-A93A-E2A3E74B75D6}.Release|Any CPU.Build.0 = Release|Any CPU
	EndGlobalSection
	GlobalSection(SolutionProperties) = preSolution
		HideSolutionNode = FALSE
	EndGlobalSection
	GlobalSection(ExtensibilityGlobals) = postSolution
		SolutionGuid = {F53BA3A4-C4F7-4870-9492-C24CC70F2355}
	EndGlobalSection
EndGlobal
